<Solution>
  <Configurations>
    <Platform Name="Any CPU" />
    <Platform Name="x64" />
    <Platform Name="x86" />
  </Configurations>
  <Project Path="src/AsyncDownloader/AsyncDownloader.csproj" Id="4b388227-2bbd-471a-bacc-9c731c7595b7" />
  <Project Path="src/WhitespaceCounter/WhitespaceCounter.csproj" />
</Solution>
